lockfileVersion: '9.0'

settings:
  autoInstallPeers: true
  excludeLinksFromLockfile: false

importers:

  .:
    dependencies:
      module-replacements:
        specifier: ^2.11.0
        version: 2.11.0

packages:

  module-replacements@2.11.0:
    resolution: {integrity: sha512-j5sNQm3VCpQQ7nTqGeOZtoJtV3uKERgCBm9QRhmGRiXiqkf7iRFOkfxdJRZWLkqYY8PNf4cDQF/WfXUYLENrRA==}

snapshots:

  module-replacements@2.11.0: {}
